Microsoft Visual Studio Solution File, Format Version 12.00
# Visual Studio Version 17
VisualStudioVersion = 17.5.2.0
MinimumVisualStudioVersion = 10.0.40219.1
Project("{2150E333-8FDC-42A3-9474-1A3956D46DE8}") = "GameServer", "GameServer", "{3DB70E2C-171E-8BB0-1172-E43F0B1C3468}"
EndProject
Project("{FAE04EC0-301F-11D3-BF4B-00C04F79EFBC}") = "GameAPI", "GameServer\GameAPI\GameAPI.csproj", "{EFA0D71E-6985-A2EE-DFF5-F0FBD8F9C6A6}"
EndProject
Global
	GlobalSection(SolutionConfigurationPlatforms) = preSolution
		Debug|Any CPU = Debug|Any CPU
		Release|Any CPU = Release|Any CPU
	EndGlobalSection
	GlobalSection(ProjectConfigurationPlatforms) = postSolution
		{EFA0D71E-6985-A2EE-DFF5-F0FBD8F9C6A6}.Debug|Any CPU.ActiveCfg = Debug|Any CPU
		{EFA0D71E-6985-A2EE-DFF5-F0FBD8F9C6A6}.Debug|Any CPU.Build.0 = Debug|Any CPU
		{EFA0D71E-6985-A2EE-DFF5-F0FBD8F9C6A6}.Release|Any CPU.ActiveCfg = Release|Any CPU
		{EFA0D71E-6985-A2EE-DFF5-F0FBD8F9C6A6}.Release|Any CPU.Build.0 = Release|Any CPU
	EndGlobalSection
	GlobalSection(SolutionProperties) = preSolution
		HideSolutionNode = FALSE
	EndGlobalSection
	GlobalSection(NestedProjects) = preSolution
		{EFA0D71E-6985-A2EE-DFF5-F0FBD8F9C6A6} = {3DB70E2C-171E-8BB0-1172-E43F0B1C3468}
	EndGlobalSection
	GlobalSection(ExtensibilityGlobals) = postSolution
		SolutionGuid = {B5C01E42-D20F-428D-9455-5D2312EACAA3}
	EndGlobalSection
EndGlobal
